PODS:
  - adaptive_platform_ui (0.1.0):
    - Flutter
  - Flutter (1.0.0)
  - flutter_tts (0.0.1):
    - Flutter

DEPENDENCIES:
  - adaptive_platform_ui (from `.symlinks/plugins/adaptive_platform_ui/ios`)
  - Flutter (from `Flutter`)
  - flutter_tts (from `.symlinks/plugins/flutter_tts/ios`)

EXTERNAL SOURCES:
  adaptive_platform_ui:
    :path: ".symlinks/plugins/adaptive_platform_ui/ios"
  Flutter:
    :path: Flutter
  flutter_tts:
    :path: ".symlinks/plugins/flutter_tts/ios"

SPEC CHECKSUMS:
  adaptive_platform_ui: f54f620666d1797636f9ef06f49137ef2cc13611
  Flutter: 71a624a5bc0c04062bf19101d501e466baf2fb47
  flutter_tts: 35ac3c7d42412733e795ea96ad2d7e05d0a75113

PODFILE CHECKSUM: 8cc451f9536c0ac628ad5b4f369ce266b539aac7

COCOAPODS: 1.16.2
